// !$*UTF8*$!
{
	archiveVersion = 1;
	classes = {
	};
	objectVersion = 46;
	objects = {

/* Begin PBXBuildFile section */
		86BE0EF5A76771FBCF0988A6 /* Pods_MissingPersons.framework in Frameworks */ = {isa = PBXBuildFile; fileRef = FC377DE125F5E2FC754A3E57 /* Pods_MissingPersons.framework */; };
		8711D7521D1B7171000D8938 /* AppDelegate.swift in Sources */ = {isa = PBXBuildFile; fileRef = 8711D7511D1B7171000D8938 /* AppDelegate.swift */; };
		8711D7541D1B7171000D8938 /* ViewController.swift in Sources */ = {isa = PBXBuildFile; fileRef = 8711D7531D1B7171000D8938 /* ViewController.swift */; };
		8711D7571D1B7171000D8938 /* Main.storyboard in Resources */ = {isa = PBXBuildFile; fileRef = 8711D7551D1B7171000D8938 /* Main.storyboard */; };
		8711D75A1D1B7171000D8938 /* MissingPersons.xcdatamodeld in Sources */ = {isa = PBXBuildFile; fileRef = 8711D7581D1B7171000D8938 /* MissingPersons.xcdatamodeld */; };
		8711D75C1D1B7171000D8938 /* Assets.xcassets in Resources */ = {isa = PBXBuildFile; fileRef = 8711D75B1D1B7171000D8938 /* Assets.xcassets */; };
		8711D75F1D1B7171000D8938 /* LaunchScreen.storyboard in Resources */ = {isa = PBXBuildFile; fileRef = 8711D75D1D1B7171000D8938 /* LaunchScreen.storyboard */; };
		8711D76A1D1B7171000D8938 /* MissingPersonsTests.swift in Sources */ = {isa = PBXBuildFile; fileRef = 8711D7691D1B7171000D8938 /* MissingPersonsTests.swift */; };
		8711D7751D1B7171000D8938 /* MissingPersonsUITests.swift in Sources */ = {isa = PBXBuildFile; fileRef = 8711D7741D1B7171000D8938 /* MissingPersonsUITests.swift */; };
		8711D7831D1B7700000D8938 /* PersonCellCollectionViewCell.swift in Sources */ = {isa = PBXBuildFile; fileRef = 8711D7821D1B7700000D8938 /* PersonCellCollectionViewCell.swift */; };
		8711D7881D1B84C3000D8938 /* Person.swift in Sources */ = {isa = PBXBuildFile; fileRef = 8711D7871D1B84C3000D8938 /* Person.swift */; };
		8711D78A1D1B85AC000D8938 /* FaceService.swift in Sources */ = {isa = PBXBuildFile; fileRef = 8711D7891D1B85AC000D8938 /* FaceService.swift */; };
/* End PBXBuildFile section */

/* Begin PBXContainerItemProxy section */
		8711D7661D1B7171000D8938 /* PBXContainerItemProxy */ = {
			isa = PBXContainerItemProxy;
			containerPortal = 8711D7461D1B7171000D8938 /* Project object */;
			proxyType = 1;
			remoteGlobalIDString = 8711D74D1D1B7171000D8938;
			remoteInfo = MissingPersons;
		};
		8711D7711D1B7171000D8938 /* PBXContainerItemProxy */ = {
			isa = PBXContainerItemProxy;
			containerPortal = 8711D7461D1B7171000D8938 /* Project object */;
			proxyType = 1;
			remoteGlobalIDString = 8711D74D1D1B7171000D8938;
			remoteInfo = MissingPersons;
		};
/* End PBXContainerItemProxy section */

/* Begin PBXFileReference section */
		5A84317C0BD4363F76E184B0 /* Pods-MissingPersons.release.xcconfig */ = {isa = PBXFileReference; includeInIndex = 1; lastKnownFileType = text.xcconfig; name = "Pods-MissingPersons.release.xcconfig"; path = "Pods/Target Support Files/Pods-MissingPersons/Pods-MissingPersons.release.xcconfig"; sourceTree = "<group>"; };
		8711D74E1D1B7171000D8938 /* MissingPersons.app */ = {isa = PBXFileReference; explicitFileType = wrapper.application; includeInIndex = 0; path = MissingPersons.app; sourceTree = BUILT_PRODUCTS_DIR; };
		8711D7511D1B7171000D8938 /* AppDelegate.swift */ = {isa = PBXFileReference; lastKnownFileType = sourcecode.swift; path = AppDelegate.swift; sourceTree = "<group>"; };
		8711D7531D1B7171000D8938 /* ViewController.swift */ = {isa = PBXFileReference; lastKnownFileType = sourcecode.swift; path = ViewController.swift; sourceTree = "<group>"; };
		8711D7561D1B7171000D8938 /* Base */ = {isa = PBXFileReference; lastKnownFileType = file.storyboard; name = Base; path = Base.lproj/Main.storyboard; sourceTree = "<group>"; };
		8711D7591D1B7171000D8938 /* MissingPersons.xcdatamodel */ = {isa = PBXFileReference; lastKnownFileType = wrapper.xcdatamodel; path = MissingPersons.xcdatamodel; sourceTree = "<group>"; };
		8711D75B1D1B7171000D8938 /* Assets.xcassets */ = {isa = PBXFileReference; lastKnownFileType = folder.assetcatalog; path = Assets.xcassets; sourceTree = "<group>"; };
		8711D75E1D1B7171000D8938 /* Base */ = {isa = PBXFileReference; lastKnownFileType = file.storyboard; name = Base; path = Base.lproj/LaunchScreen.storyboard; sourceTree = "<group>"; };
		8711D7601D1B7171000D8938 /* Info.plist */ = {isa = PBXFileReference; lastKnownFileType = text.plist.xml; path = Info.plist; sourceTree = "<group>"; };
		8711D7651D1B7171000D8938 /* MissingPersonsTests.xctest */ = {isa = PBXFileReference; explicitFileType = wrapper.cfbundle; includeInIndex = 0; path = MissingPersonsTests.xctest; sourceTree = BUILT_PRODUCTS_DIR; };
		8711D7691D1B7171000D8938 /* MissingPersonsTests.swift */ = {isa = PBXFileReference; lastKnownFileType = sourcecode.swift; path = MissingPersonsTests.swift; sourceTree = "<group>"; };
		8711D76B1D1B7171000D8938 /* Info.plist */ = {isa = PBXFileReference; lastKnownFileType = text.plist.xml; path = Info.plist; sourceTree = "<group>"; };
		8711D7701D1B7171000D8938 /* MissingPersonsUITests.xctest */ = {isa = PBXFileReference; explicitFileType = wrapper.cfbundle; includeInIndex = 0; path = MissingPersonsUITests.xctest; sourceTree = BUILT_PRODUCTS_DIR; };
		8711D7741D1B7171000D8938 /* MissingPersonsUITests.swift */ = {isa = PBXFileReference; lastKnownFileType = sourcecode.swift; path = MissingPersonsUITests.swift; sourceTree = "<group>"; };
		8711D7761D1B7171000D8938 /* Info.plist */ = {isa = PBXFileReference; lastKnownFileType = text.plist.xml; path = Info.plist; sourceTree = "<group>"; };
		8711D7821D1B7700000D8938 /* PersonCellCollectionViewCell.swift */ = {isa = PBXFileReference; fileEncoding = 4; lastKnownFileType = sourcecode.swift; path = PersonCellCollectionViewCell.swift; sourceTree = "<group>"; };
		8711D7841D1B83A3000D8938 /* MissingPersons-Bridging-Header.h */ = {isa = PBXFileReference; lastKnownFileType = sourcecode.c.h; path = "MissingPersons-Bridging-Header.h"; sourceTree = "<group>"; };
		8711D7871D1B84C3000D8938 /* Person.swift */ = {isa = PBXFileReference; fileEncoding = 4; lastKnownFileType = sourcecode.swift; path = Person.swift; sourceTree = "<group>"; };
		8711D7891D1B85AC000D8938 /* FaceService.swift */ = {isa = PBXFileReference; fileEncoding = 4; lastKnownFileType = sourcecode.swift; path = FaceService.swift; sourceTree = "<group>"; };
		DEB56679F42B58C3A8E5337C /* Pods-MissingPersons.debug.xcconfig */ = {isa = PBXFileReference; includeInIndex = 1; lastKnownFileType = text.xcconfig; name = "Pods-MissingPersons.debug.xcconfig"; path = "Pods/Target Support Files/Pods-MissingPersons/Pods-MissingPersons.debug.xcconfig"; sourceTree = "<group>"; };
		FC377DE125F5E2FC754A3E57 /* Pods_MissingPersons.framework */ = {isa = PBXFileReference; explicitFileType = wrapper.framework; includeInIndex = 0; path = Pods_MissingPersons.framework; sourceTree = BUILT_PRODUCTS_DIR; };
/* End PBXFileReference section */

/* Begin PBXFrameworksBuildPhase section */
		8711D74B1D1B7171000D8938 /* Frameworks */ = {
			isa = PBXFrameworksBuildPhase;
			buildActionMask = 2147483647;
			files = (
				86BE0EF5A76771FBCF0988A6 /* Pods_MissingPersons.framework in Frameworks */,
			);
			runOnlyForDeploymentPostprocessing = 0;
		};
		8711D7621D1B7171000D8938 /* Frameworks */ = {
			isa = PBXFrameworksBuildPhase;
			buildActionMask = 2147483647;
			files = (
			);
			runOnlyForDeploymentPostprocessing = 0;
		};
		8711D76D1D1B7171000D8938 /* Frameworks */ = {
			isa = PBXFrameworksBuildPhase;
			buildActionMask = 2147483647;
			files = (
			);
			runOnlyForDeploymentPostprocessing = 0;
		};
/* End PBXFrameworksBuildPhase section */

/* Begin PBXGroup section */
		1BE5F42A5E7F9C0C2375483B /* Frameworks */ = {
			isa = PBXGroup;
			children = (
				FC377DE125F5E2FC754A3E57 /* Pods_MissingPersons.framework */,
			);
			name = Frameworks;
			sourceTree = "<group>";
		};
		4E00B7B2E64FC0ADCB6F21F0 /* Pods */ = {
			isa = PBXGroup;
			children = (
				DEB56679F42B58C3A8E5337C /* Pods-MissingPersons.debug.xcconfig */,
				5A84317C0BD4363F76E184B0 /* Pods-MissingPersons.release.xcconfig */,
			);
			name = Pods;
			sourceTree = "<group>";
		};
		8711D7451D1B7171000D8938 = {
			isa = PBXGroup;
			children = (
				8711D7501D1B7171000D8938 /* MissingPersons */,
				8711D7681D1B7171000D8938 /* MissingPersonsTests */,
				8711D7731D1B7171000D8938 /* MissingPersonsUITests */,
				8711D74F1D1B7171000D8938 /* Products */,
				4E00B7B2E64FC0ADCB6F21F0 /* Pods */,
				1BE5F42A5E7F9C0C2375483B /* Frameworks */,
			);
			sourceTree = "<group>";
		};
		8711D74F1D1B7171000D8938 /* Products */ = {
			isa = PBXGroup;
			children = (
				8711D74E1D1B7171000D8938 /* MissingPersons.app */,
				8711D7651D1B7171000D8938 /* MissingPersonsTests.xctest */,
				8711D7701D1B7171000D8938 /* MissingPersonsUITests.xctest */,
			);
			name = Products;
			sourceTree = "<group>";
		};
		8711D7501D1B7171000D8938 /* MissingPersons */ = {
			isa = PBXGroup;
			children = (
				8711D7511D1B7171000D8938 /* AppDelegate.swift */,
				8711D7531D1B7171000D8938 /* ViewController.swift */,
				8711D7551D1B7171000D8938 /* Main.storyboard */,
				8711D75B1D1B7171000D8938 /* Assets.xcassets */,
				8711D75D1D1B7171000D8938 /* LaunchScreen.storyboard */,
				8711D7601D1B7171000D8938 /* Info.plist */,
				8711D7581D1B7171000D8938 /* MissingPersons.xcdatamodeld */,
				8711D7821D1B7700000D8938 /* PersonCellCollectionViewCell.swift */,
				8711D7841D1B83A3000D8938 /* MissingPersons-Bridging-Header.h */,
				8711D7871D1B84C3000D8938 /* Person.swift */,
				8711D7891D1B85AC000D8938 /* FaceService.swift */,
			);
			path = MissingPersons;
			sourceTree = "<group>";
		};
		8711D7681D1B7171000D8938 /* MissingPersonsTests */ = {
			isa = PBXGroup;
			children = (
				8711D7691D1B7171000D8938 /* MissingPersonsTests.swift */,
				8711D76B1D1B7171000D8938 /* Info.plist */,
			);
			path = MissingPersonsTests;
			sourceTree = "<group>";
		};
		8711D7731D1B7171000D8938 /* MissingPersonsUITests */ = {
			isa = PBXGroup;
			children = (
				8711D7741D1B7171000D8938 /* MissingPersonsUITests.swift */,
				8711D7761D1B7171000D8938 /* Info.plist */,
			);
			path = MissingPersonsUITests;
			sourceTree = "<group>";
		};
/* End PBXGroup section */

/* Begin PBXNativeTarget section */
		8711D74D1D1B7171000D8938 /* MissingPersons */ = {
			isa = PBXNativeTarget;
			buildConfigurationList = 8711D7791D1B7171000D8938 /* Build configuration list for PBXNativeTarget "MissingPersons" */;
			buildPhases = (
				B62B902023562CEE21EB77B4 /* [CP] Check Pods Manifest.lock */,
				8711D74A1D1B7171000D8938 /* Sources */,
				8711D74B1D1B7171000D8938 /* Frameworks */,
				8711D74C1D1B7171000D8938 /* Resources */,
				794919D34BC73508B7CC87F3 /* [CP] Embed Pods Frameworks */,
				D11961729565F790432414AC /* [CP] Copy Pods Resources */,
			);
			buildRules = (
			);
			dependencies = (
			);
			name = MissingPersons;
			productName = MissingPersons;
			productReference = 8711D74E1D1B7171000D8938 /* MissingPersons.app */;
			productType = "com.apple.product-type.application";
		};
		8711D7641D1B7171000D8938 /* MissingPersonsTests */ = {
			isa = PBXNativeTarget;
			buildConfigurationList = 8711D77C1D1B7171000D8938 /* Build configuration list for PBXNativeTarget "MissingPersonsTests" */;
			buildPhases = (
				8711D7611D1B7171000D8938 /* Sources */,
				8711D7621D1B7171000D8938 /* Frameworks */,
				8711D7631D1B7171000D8938 /* Resources */,
			);
			buildRules = (
			);
			dependencies = (
				8711D7671D1B7171000D8938 /* PBXTargetDependency */,
			);
			name = MissingPersonsTests;
			productName = MissingPersonsTests;
			productReference = 8711D7651D1B7171000D8938 /* MissingPersonsTests.xctest */;
			productType = "com.apple.product-type.bundle.unit-test";
		};
		8711D76F1D1B7171000D8938 /* MissingPersonsUITests */ = {
			isa = PBXNativeTarget;
			buildConfigurationList = 8711D77F1D1B7171000D8938 /* Build configuration list for PBXNativeTarget "MissingPersonsUITests" */;
			buildPhases = (
				8711D76C1D1B7171000D8938 /* Sources */,
				8711D76D1D1B7171000D8938 /* Frameworks */,
				8711D76E1D1B7171000D8938 /* Resources */,
			);
			buildRules = (
			);
			dependencies = (
				8711D7721D1B7171000D8938 /* PBXTargetDependency */,
			);
			name = MissingPersonsUITests;
			productName = MissingPersonsUITests;
			productReference = 8711D7701D1B7171000D8938 /* MissingPersonsUITests.xctest */;
			productType = "com.apple.product-type.bundle.ui-testing";
		};
/* End PBXNativeTarget section */

/* Begin PBXProject section */
		8711D7461D1B7171000D8938 /* Project object */ = {
			isa = PBXProject;
			attributes = {
				LastSwiftUpdateCheck = 0730;
				LastUpgradeCheck = 0730;
				ORGANIZATIONNAME = "Dominik Sadowski";
				TargetAttributes = {
					8711D74D1D1B7171000D8938 = {
						CreatedOnToolsVersion = 7.3;
						DevelopmentTeam = S2TC7J64A5;
					};
					8711D7641D1B7171000D8938 = {
						CreatedOnToolsVersion = 7.3;
						DevelopmentTeam = S2TC7J64A5;
						TestTargetID = 8711D74D1D1B7171000D8938;
					};
					8711D76F1D1B7171000D8938 = {
						CreatedOnToolsVersion = 7.3;
						DevelopmentTeam = S2TC7J64A5;
						TestTargetID = 8711D74D1D1B7171000D8938;
					};
				};
			};
			buildConfigurationList = 8711D7491D1B7171000D8938 /* Build configuration list for PBXProject "MissingPersons" */;
			compatibilityVersion = "Xcode 3.2";
			developmentRegion = English;
			hasScannedForEncodings = 0;
			knownRegions = (
				en,
				Base,
			);
			mainGroup = 8711D7451D1B7171000D8938;
			productRefGroup = 8711D74F1D1B7171000D8938 /* Products */;
			projectDirPath = "";
			projectRoot = "";
			targets = (
				8711D74D1D1B7171000D8938 /* MissingPersons */,
				8711D7641D1B7171000D8938 /* MissingPersonsTests */,
				8711D76F1D1B7171000D8938 /* MissingPersonsUITests */,
			);
		};
/* End PBXProject section */

/* Begin PBXResourcesBuildPhase section */
		8711D74C1D1B7171000D8938 /* Resources */ = {
			isa = PBXResourcesBuildPhase;
			buildActionMask = 2147483647;
			files = (
				8711D75F1D1B7171000D8938 /* LaunchScreen.storyboard in Resources */,
				8711D75C1D1B7171000D8938 /* Assets.xcassets in Resources */,
				8711D7571D1B7171000D8938 /* Main.storyboard in Resources */,
			);
			runOnlyForDeploymentPostprocessing = 0;
		};
		8711D7631D1B7171000D8938 /* Resources */ = {
			isa = PBXResourcesBuildPhase;
			buildActionMask = 2147483647;
			files = (
			);
			runOnlyForDeploymentPostprocessing = 0;
		};
		8711D76E1D1B7171000D8938 /* Resources */ = {
			isa = PBXResourcesBuildPhase;
			buildActionMask = 2147483647;
			files = (
			);
			runOnlyForDeploymentPostprocessing = 0;
		};
/* End PBXResourcesBuildPhase section */

/* Begin PBXShellScriptBuildPhase section */
		794919D34BC73508B7CC87F3 /* [CP] Embed Pods Frameworks */ = {
			isa = PBXShellScriptBuildPhase;
			buildActionMask = 2147483647;
			files = (
			);
			inputPaths = (
			);
			name = "[CP] Embed Pods Frameworks";
			outputPaths = (
			);
			runOnlyForDeploymentPostprocessing = 0;
			shellPath = /bin/sh;
			shellScript = "\"${SRCROOT}/Pods/Target Support Files/Pods-MissingPersons/Pods-MissingPersons-frameworks.sh\"\n";
			showEnvVarsInLog = 0;
		};
		B62B902023562CEE21EB77B4 /* [CP] Check Pods Manifest.lock */ = {
			isa = PBXShellScriptBuildPhase;
			buildActionMask = 2147483647;
			files = (
			);
			inputPaths = (
			);
			name = "[CP] Check Pods Manifest.lock";
			outputPaths = (
			);
			runOnlyForDeploymentPostprocessing = 0;
			shellPath = /bin/sh;
			shellScript = "diff \"${PODS_ROOT}/../Podfile.lock\" \"${PODS_ROOT}/Manifest.lock\" > /dev/null\nif [[ $? != 0 ]] ; then\n    cat << EOM\nerror: The sandbox is not in sync with the Podfile.lock. Run 'pod install' or update your CocoaPods installation.\nEOM\n    exit 1\nfi\n";
			showEnvVarsInLog = 0;
		};
		D11961729565F790432414AC /* [CP] Copy Pods Resources */ = {
			isa = PBXShellScriptBuildPhase;
			buildActionMask = 2147483647;
			files = (
			);
			inputPaths = (
			);
			name = "[CP] Copy Pods Resources";
			outputPaths = (
			);
			runOnlyForDeploymentPostprocessing = 0;
			shellPath = /bin/sh;
			shellScript = "\"${SRCROOT}/Pods/Target Support Files/Pods-MissingPersons/Pods-MissingPersons-resources.sh\"\n";
			showEnvVarsInLog = 0;
		};
/* End PBXShellScriptBuildPhase section */

/* Begin PBXSourcesBuildPhase section */
		8711D74A1D1B7171000D8938 /* Sources */ = {
			isa = PBXSourcesBuildPhase;
			buildActionMask = 2147483647;
			files = (
				8711D7881D1B84C3000D8938 /* Person.swift in Sources */,
				8711D7541D1B7171000D8938 /* ViewController.swift in Sources */,
				8711D75A1D1B7171000D8938 /* MissingPersons.xcdatamodeld in Sources */,
				8711D7521D1B7171000D8938 /* AppDelegate.swift in Sources */,
				8711D78A1D1B85AC000D8938 /* FaceService.swift in Sources */,
				8711D7831D1B7700000D8938 /* PersonCellCollectionViewCell.swift in Sources */,
			);
			runOnlyForDeploymentPostprocessing = 0;
		};
		8711D7611D1B7171000D8938 /* Sources */ = {
			isa = PBXSourcesBuildPhase;
			buildActionMask = 2147483647;
			files = (
				8711D76A1D1B7171000D8938 /* MissingPersonsTests.swift in Sources */,
			);
			runOnlyForDeploymentPostprocessing = 0;
		};
		8711D76C1D1B7171000D8938 /* Sources */ = {
			isa = PBXSourcesBuildPhase;
			buildActionMask = 2147483647;
			files = (
				8711D7751D1B7171000D8938 /* MissingPersonsUITests.swift in Sources */,
			);
			runOnlyForDeploymentPostprocessing = 0;
		};
/* End PBXSourcesBuildPhase section */

/* Begin PBXTargetDependency section */
		8711D7671D1B7171000D8938 /* PBXTargetDependency */ = {
			isa = PBXTargetDependency;
			target = 8711D74D1D1B7171000D8938 /* MissingPersons */;
			targetProxy = 8711D7661D1B7171000D8938 /* PBXContainerItemProxy */;
		};
		8711D7721D1B7171000D8938 /* PBXTargetDependency */ = {
			isa = PBXTargetDependency;
			target = 8711D74D1D1B7171000D8938 /* MissingPersons */;
			targetProxy = 8711D7711D1B7171000D8938 /* PBXContainerItemProxy */;
		};
/* End PBXTargetDependency section */

/* Begin PBXVariantGroup section */
		8711D7551D1B7171000D8938 /* Main.storyboard */ = {
			isa = PBXVariantGroup;
			children = (
				8711D7561D1B7171000D8938 /* Base */,
			);
			name = Main.storyboard;
			sourceTree = "<group>";
		};
		8711D75D1D1B7171000D8938 /* LaunchScreen.storyboard */ = {
			isa = PBXVariantGroup;
			children = (
				8711D75E1D1B7171000D8938 /* Base */,
			);
			name = LaunchScreen.storyboard;
			sourceTree = "<group>";
		};
/* End PBXVariantGroup section */

/* Begin XCBuildConfiguration section */
		8711D7771D1B7171000D8938 /* Debug */ = {
			isa = XCBuildConfiguration;
			buildSettings = {
				ALWAYS_SEARCH_USER_PATHS = NO;
				CLANG_ANALYZER_NONNULL = YES;
				CLANG_CXX_LANGUAGE_STANDARD = "gnu++0x";
				CLANG_CXX_LIBRARY = "libc++";
				CLANG_ENABLE_MODULES = YES;
				CLANG_ENABLE_OBJC_ARC = YES;
				CLANG_WARN_BOOL_CONVERSION = YES;
				CLANG_WARN_CONSTANT_CONVERSION = YES;
				CLANG_WARN_DIRECT_OBJC_ISA_USAGE = YES_ERROR;
				CLANG_WARN_EMPTY_BODY = YES;
				CLANG_WARN_ENUM_CONVERSION = YES;
				CLANG_WARN_INT_CONVERSION = YES;
				CLANG_WARN_OBJC_ROOT_CLASS = YES_ERROR;
				CLANG_WARN_UNREACHABLE_CODE = YES;
				CLANG_WARN__DUPLICATE_METHOD_MATCH = YES;
				"CODE_SIGN_IDENTITY[sdk=iphoneos*]" = "iPhone Developer";
				COPY_PHASE_STRIP = NO;
				DEBUG_INFORMATION_FORMAT = dwarf;
				ENABLE_STRICT_OBJC_MSGSEND = YES;
				ENABLE_TESTABILITY = YES;
				GCC_C_LANGUAGE_STANDARD = gnu99;
				GCC_DYNAMIC_NO_PIC = NO;
				GCC_NO_COMMON_BLOCKS = YES;
				GCC_OPTIMIZATION_LEVEL = 0;
				GCC_PREPROCESSOR_DEFINITIONS = (
					"DEBUG=1",
					"$(inherited)",
				);
				GCC_WARN_64_TO_32_BIT_CONVERSION = YES;
				GCC_WARN_ABOUT_RETURN_TYPE = YES_ERROR;
				GCC_WARN_UNDECLARED_SELECTOR = YES;
				GCC_WARN_UNINITIALIZED_AUTOS = YES_AGGRESSIVE;
				GCC_WARN_UNUSED_FUNCTION = YES;
				GCC_WARN_UNUSED_VARIABLE = YES;
				IPHONEOS_DEPLOYMENT_TARGET = 9.3;
				MTL_ENABLE_DEBUG_INFO = YES;
				ONLY_ACTIVE_ARCH = YES;
				SDKROOT = iphoneos;
				SWIFT_OPTIMIZATION_LEVEL = "-Onone";
				TARGETED_DEVICE_FAMILY = "1,2";
			};
			name = Debug;
		};
		8711D7781D1B7171000D8938 /* Release */ = {
			isa = XCBuildConfiguration;
			buildSettings = {
				ALWAYS_SEARCH_USER_PATHS = NO;
				CLANG_ANALYZER_NONNULL = YES;
				CLANG_CXX_LANGUAGE_STANDARD = "gnu++0x";
				CLANG_CXX_LIBRARY = "libc++";
				CLANG_ENABLE_MODULES = YES;
				CLANG_ENABLE_OBJC_ARC = YES;
				CLANG_WARN_BOOL_CONVERSION = YES;
				CLANG_WARN_CONSTANT_CONVERSION = YES;
				CLANG_WARN_DIRECT_OBJC_ISA_USAGE = YES_ERROR;
				CLANG_WARN_EMPTY_BODY = YES;
				CLANG_WARN_ENUM_CONVERSION = YES;
				CLANG_WARN_INT_CONVERSION = YES;
				CLANG_WARN_OBJC_ROOT_CLASS = YES_ERROR;
				CLANG_WARN_UNREACHABLE_CODE = YES;
				CLANG_WARN__DUPLICATE_METHOD_MATCH = YES;
				"CODE_SIGN_IDENTITY[sdk=iphoneos*]" = "iPhone Developer";
				COPY_PHASE_STRIP = NO;
				DEBUG_INFORMATION_FORMAT = "dwarf-with-dsym";
				ENABLE_NS_ASSERTIONS = NO;
				ENABLE_STRICT_OBJC_MSGSEND = YES;
				GCC_C_LANGUAGE_STANDARD = gnu99;
				GCC_NO_COMMON_BLOCKS = YES;
				GCC_WARN_64_TO_32_BIT_CONVERSION = YES;
				GCC_WARN_ABOUT_RETURN_TYPE = YES_ERROR;
				GCC_WARN_UNDECLARED_SELECTOR = YES;
				GCC_WARN_UNINITIALIZED_AUTOS = YES_AGGRESSIVE;
				GCC_WARN_UNUSED_FUNCTION = YES;
				GCC_WARN_UNUSED_VARIABLE = YES;
				IPHONEOS_DEPLOYMENT_TARGET = 9.3;
				MTL_ENABLE_DEBUG_INFO = NO;
				SDKROOT = iphoneos;
				TARGETED_DEVICE_FAMILY = "1,2";
				VALIDATE_PRODUCT = YES;
			};
			name = Release;
		};
		8711D77A1D1B7171000D8938 /* Debug */ = {
			isa = XCBuildConfiguration;
			baseConfigurationReference = DEB56679F42B58C3A8E5337C /* Pods-MissingPersons.debug.xcconfig */;
			buildSettings = {
				ASSETCATALOG_COMPILER_APPICON_NAME = AppIcon;
				CLANG_ENABLE_MODULES = YES;
				INFOPLIST_FILE = MissingPersons/Info.plist;
				LD_RUNPATH_SEARCH_PATHS = "$(inherited) @executable_path/Frameworks";
				PRODUCT_BUNDLE_IDENTIFIER = com.AOJI.MissingPersons;
				PRODUCT_NAME = "$(TARGET_NAME)";
				SWIFT_OBJC_BRIDGING_HEADER = "MissingPersons/MissingPersons-Bridging-Header.h";
				SWIFT_OPTIMIZATION_LEVEL = "-Onone";
			};
			name = Debug;
		};
		8711D77B1D1B7171000D8938 /* Release */ = {
			isa = XCBuildConfiguration;
			baseConfigurationReference = 5A84317C0BD4363F76E184B0 /* Pods-MissingPersons.release.xcconfig */;
			buildSettings = {
				ASSETCATALOG_COMPILER_APPICON_NAME = AppIcon;
				CLANG_ENABLE_MODULES = YES;
				INFOPLIST_FILE = MissingPersons/Info.plist;
				LD_RUNPATH_SEARCH_PATHS = "$(inherited) @executable_path/Frameworks";
				PRODUCT_BUNDLE_IDENTIFIER = com.AOJI.MissingPersons;
				PRODUCT_NAME = "$(TARGET_NAME)";
				SWIFT_OBJC_BRIDGING_HEADER = "MissingPersons/MissingPersons-Bridging-Header.h";
			};
			name = Release;
		};
		8711D77D1D1B7171000D8938 /* Debug */ = {
			isa = XCBuildConfiguration;
			buildSettings = {
				BUNDLE_LOADER = "$(TEST_HOST)";
				INFOPLIST_FILE = MissingPersonsTests/Info.plist;
				LD_RUNPATH_SEARCH_PATHS = "$(inherited) @executable_path/Frameworks @loader_path/Frameworks";
				PRODUCT_BUNDLE_IDENTIFIER = com.AOJI.MissingPersonsTests;
				PRODUCT_NAME = "$(TARGET_NAME)";
				TEST_HOST = "$(BUILT_PRODUCTS_DIR)/MissingPersons.app/MissingPersons";
			};
			name = Debug;
		};
		8711D77E1D1B7171000D8938 /* Release */ = {
			isa = XCBuildConfiguration;
			buildSettings = {
				BUNDLE_LOADER = "$(TEST_HOST)";
				INFOPLIST_FILE = MissingPersonsTests/Info.plist;
				LD_RUNPATH_SEARCH_PATHS = "$(inherited) @executable_path/Frameworks @loader_path/Frameworks";
				PRODUCT_BUNDLE_IDENTIFIER = com.AOJI.MissingPersonsTests;
				PRODUCT_NAME = "$(TARGET_NAME)";
				TEST_HOST = "$(BUILT_PRODUCTS_DIR)/MissingPersons.app/MissingPersons";
			};
			name = Release;
		};
		8711D7801D1B7171000D8938 /* Debug */ = {
			isa = XCBuildConfiguration;
			buildSettings = {
				INFOPLIST_FILE = MissingPersonsUITests/Info.plist;
				LD_RUNPATH_SEARCH_PATHS = "$(inherited) @executable_path/Frameworks @loader_path/Frameworks";
				PRODUCT_BUNDLE_IDENTIFIER = com.AOJI.MissingPersonsUITests;
				PRODUCT_NAME = "$(TARGET_NAME)";
				TEST_TARGET_NAME = MissingPersons;
			};
			name = Debug;
		};
		8711D7811D1B7171000D8938 /* Release */ = {
			isa = XCBuildConfiguration;
			buildSettings = {
				INFOPLIST_FILE = MissingPersonsUITests/Info.plist;
				LD_RUNPATH_SEARCH_PATHS = "$(inherited) @executable_path/Frameworks @loader_path/Frameworks";
				PRODUCT_BUNDLE_IDENTIFIER = com.AOJI.MissingPersonsUITests;
				PRODUCT_NAME = "$(TARGET_NAME)";
				TEST_TARGET_NAME = MissingPersons;
			};
			name = Release;
		};
/* End XCBuildConfiguration section */

/* Begin XCConfigurationList section */
		8711D7491D1B7171000D8938 /* Build configuration list for PBXProject "MissingPersons" */ = {
			isa = XCConfigurationList;
			buildConfigurations = (
				8711D7771D1B7171000D8938 /* Debug */,
				8711D7781D1B7171000D8938 /* Release */,
			);
			defaultConfigurationIsVisible = 0;
			defaultConfigurationName = Release;
		};
		8711D7791D1B7171000D8938 /* Build configuration list for PBXNativeTarget "MissingPersons" */ = {
			isa = XCConfigurationList;
			buildConfigurations = (
				8711D77A1D1B7171000D8938 /* Debug */,
				8711D77B1D1B7171000D8938 /* Release */,
			);
			defaultConfigurationIsVisible = 0;
			defaultConfigurationName = Release;
		};
		8711D77C1D1B7171000D8938 /* Build configuration list for PBXNativeTarget "MissingPersonsTests" */ = {
			isa = XCConfigurationList;
			buildConfigurations = (
				8711D77D1D1B7171000D8938 /* Debug */,
				8711D77E1D1B7171000D8938 /* Release */,
			);
			defaultConfigurationIsVisible = 0;
			defaultConfigurationName = Release;
		};
		8711D77F1D1B7171000D8938 /* Build configuration list for PBXNativeTarget "MissingPersonsUITests" */ = {
			isa = XCConfigurationList;
			buildConfigurations = (
				8711D7801D1B7171000D8938 /* Debug */,
				8711D7811D1B7171000D8938 /* Release */,
			);
			defaultConfigurationIsVisible = 0;
			defaultConfigurationName = Release;
		};
/* End XCConfigurationList section */

/* Begin XCVersionGroup section */
		8711D7581D1B7171000D8938 /* MissingPersons.xcdatamodeld */ = {
			isa = XCVersionGroup;
			children = (
				8711D7591D1B7171000D8938 /* MissingPersons.xcdatamodel */,
			);
			currentVersion = 8711D7591D1B7171000D8938 /* MissingPersons.xcdatamodel */;
			path = MissingPersons.xcdatamodeld;
			sourceTree = "<group>";
			versionGroupType = wrapper.xcdatamodel;
		};
/* End XCVersionGroup section */
	};
	rootObject = 8711D7461D1B7171000D8938 /* Project object */;
}
